
Microsoft Visual Studio Solution File, Format Version 11.00
# Visual Studio 2010
Project("{FAE04EC0-301F-11D3-BF4B-00C04F79EFBC}") = "Ludor", "Assembly-CSharp.csproj", "{33DB22EE-6E3E-B8B2-31AB-308A8FA17783}"
EndProject
Global
	GlobalSection(SolutionConfigurationPlatforms) = preSolution
		Debug|Any CPU = Debug|Any CPU
		Release|Any CPU = Release|Any CPU
	EndGlobalSection
	GlobalSection(ProjectConfigurationPlatforms) = postSolution
		{33DB22EE-6E3E-B8B2-31AB-308A8FA17783}.Debug|Any CPU.ActiveCfg = Debug|Any CPU
		{33DB22EE-6E3E-B8B2-31AB-308A8FA17783}.Debug|Any CPU.Build.0 = Debug|Any CPU
		{33DB22EE-6E3E-B8B2-31AB-308A8FA17783}.Release|Any CPU.ActiveCfg = Release|Any CPU
		{33DB22EE-6E3E-B8B2-31AB-308A8FA17783}.Release|Any CPU.Build.0 = Release|Any CPU
	EndGlobalSection
	GlobalSection(SolutionProperties) = preSolution
		HideSolutionNode = FALSE
	EndGlobalSection
	GlobalSection(MonoDevelopProperties) = preSolution
		StartupItem = Assembly-CSharp.csproj
	EndGlobalSection
EndGlobal
